
Microsoft Visual Studio Solution File, Format Version 12.00
# Visual Studio Version 17
VisualStudioVersion = 17.1.32421.90
MinimumVisualStudioVersion = 10.0.40219.1
Project("{FAE04EC0-301F-11D3-BF4B-00C04F79EFBC}") = "Tasks.Sweeft.App", "Tasks.Sweeft.App\Tasks.Sweeft.App.csproj", "{D651AC02-E6C0-4CF8-8DA0-FA23A51B0531}"
EndProject
Project("{FAE04EC0-301F-11D3-BF4B-00C04F79EFBC}") = "Tasks.Sweeft.CountriesAPI", "Tasks.Sweeft.CountriesAPI\Tasks.Sweeft.CountriesAPI.csproj", "{1D6C6E4B-58EB-417F-8952-E0A7B319B9B9}"
EndProject
Project("{FAE04EC0-301F-11D3-BF4B-00C04F79EFBC}") = "Tasks.Sweeft.EFCore", "Tasks.Sweeft.EFCore\Tasks.Sweeft.EFCore.csproj", "{C3968DF4-C387-4ED2-937D-55540558EBBA}"
EndProject
Global
	GlobalSection(SolutionConfigurationPlatforms) = preSolution
		Debug|Any CPU = Debug|Any CPU
		Release|Any CPU = Release|Any CPU
	EndGlobalSection
	GlobalSection(ProjectConfigurationPlatforms) = postSolution
		{D651AC02-E6C0-4CF8-8DA0-FA23A51B0531}.Debug|Any CPU.ActiveCfg = Debug|Any CPU
		{D651AC02-E6C0-4CF8-8DA0-FA23A51B0531}.Debug|Any CPU.Build.0 = Debug|Any CPU
		{D651AC02-E6C0-4CF8-8DA0-FA23A51B0531}.Release|Any CPU.ActiveCfg = Release|Any CPU
		{D651AC02-E6C0-4CF8-8DA0-FA23A51B0531}.Release|Any CPU.Build.0 = Release|Any CPU
		{1D6C6E4B-58EB-417F-8952-E0A7B319B9B9}.Debug|Any CPU.ActiveCfg = Debug|Any CPU
		{1D6C6E4B-58EB-417F-8952-E0A7B319B9B9}.Debug|Any CPU.Build.0 = Debug|Any CPU
		{1D6C6E4B-58EB-417F-8952-E0A7B319B9B9}.Release|Any CPU.ActiveCfg = Release|Any CPU
		{1D6C6E4B-58EB-417F-8952-E0A7B319B9B9}.Release|Any CPU.Build.0 = Release|Any CPU
		{C3968DF4-C387-4ED2-937D-55540558EBBA}.Debug|Any CPU.ActiveCfg = Debug|Any CPU
		{C3968DF4-C387-4ED2-937D-55540558EBBA}.Debug|Any CPU.Build.0 = Debug|Any CPU
		{C3968DF4-C387-4ED2-937D-55540558EBBA}.Release|Any CPU.ActiveCfg = Release|Any CPU
		{C3968DF4-C387-4ED2-937D-55540558EBBA}.Release|Any CPU.Build.0 = Release|Any CPU
	EndGlobalSection
	GlobalSection(SolutionProperties) = preSolution
		HideSolutionNode = FALSE
	EndGlobalSection
	GlobalSection(ExtensibilityGlobals) = postSolution
		SolutionGuid = {AE25D73F-DA25-4D1D-97C3-9963CB359E9B}
	EndGlobalSection
EndGlobal
